
Microsoft Visual Studio Solution File, Format Version 12.00
# Visual Studio 2013
VisualStudioVersion = 12.0.31101.0
MinimumVisualStudioVersion = 10.0.40219.1
Project("{FAE04EC0-301F-11D3-BF4B-00C04F79EFBC}") = "WCFUnos", "WCFUnos\WCFUnos.csproj", "{F7E5D478-10F3-485E-8631-2DBF9B756D1E}"
EndProject
Project("{FAE04EC0-301F-11D3-BF4B-00C04F79EFBC}") = "Hospitalizacija", "Hospitalizacija\Hospitalizacija.csproj", "{78644EBF-EA23-4136-9E07-FA3B0925FA2C}"
	ProjectSection(ProjectDependencies) = postProject
		{F7E5D478-10F3-485E-8631-2DBF9B756D1E} = {F7E5D478-10F3-485E-8631-2DBF9B756D1E}
	EndProjectSection
EndProject
Global
	GlobalSection(SolutionConfigurationPlatforms) = preSolution
		Debug|Any CPU = Debug|Any CPU
		Release|Any CPU = Release|Any CPU
	EndGlobalSection
	GlobalSection(ProjectConfigurationPlatforms) = postSolution
		{F7E5D478-10F3-485E-8631-2DBF9B756D1E}.Debug|Any CPU.ActiveCfg = Debug|Any CPU
		{F7E5D478-10F3-485E-8631-2DBF9B756D1E}.Debug|Any CPU.Build.0 = Debug|Any CPU
		{F7E5D478-10F3-485E-8631-2DBF9B756D1E}.Release|Any CPU.ActiveCfg = Release|Any CPU
		{F7E5D478-10F3-485E-8631-2DBF9B756D1E}.Release|Any CPU.Build.0 = Release|Any CPU
		{78644EBF-EA23-4136-9E07-FA3B0925FA2C}.Debug|Any CPU.ActiveCfg = Debug|Any CPU
		{78644EBF-EA23-4136-9E07-FA3B0925FA2C}.Debug|Any CPU.Build.0 = Debug|Any CPU
		{78644EBF-EA23-4136-9E07-FA3B0925FA2C}.Release|Any CPU.ActiveCfg = Release|Any CPU
		{78644EBF-EA23-4136-9E07-FA3B0925FA2C}.Release|Any CPU.Build.0 = Release|Any CPU
	EndGlobalSection
	GlobalSection(SolutionProperties) = preSolution
		HideSolutionNode = FALSE
	EndGlobalSection
EndGlobal
